
Microsoft Visual Studio Solution File, Format Version 12.00
# Visual Studio 15
VisualStudioVersion = 15.0.28010.2046
MinimumVisualStudioVersion = 10.0.40219.1
Project("{FAE04EC0-301F-11D3-BF4B-00C04F79EFBC}") = "SoluzioneMatematica", "ConsoleApp1\SoluzioneMatematica.csproj", "{4A238F74-0B6C-452E-9BE3-0BA69AB44FCE}"
EndProject
Project("{FAE04EC0-301F-11D3-BF4B-00C04F79EFBC}") = "LibreriaMatematica", "ClassLibrary1\LibreriaMatematica.csproj", "{CEAB0D12-0208-4414-A78E-9B5F9989C3F3}"
EndProject
Global
	GlobalSection(SolutionConfigurationPlatforms) = preSolution
		Debug|Any CPU = Debug|Any CPU
		Release|Any CPU = Release|Any CPU
	EndGlobalSection
	GlobalSection(ProjectConfigurationPlatforms) = postSolution
		{4A238F74-0B6C-452E-9BE3-0BA69AB44FCE}.Debug|Any CPU.ActiveCfg = Debug|Any CPU
		{4A238F74-0B6C-452E-9BE3-0BA69AB44FCE}.Debug|Any CPU.Build.0 = Debug|Any CPU
		{4A238F74-0B6C-452E-9BE3-0BA69AB44FCE}.Release|Any CPU.ActiveCfg = Release|Any CPU
		{4A238F74-0B6C-452E-9BE3-0BA69AB44FCE}.Release|Any CPU.Build.0 = Release|Any CPU
		{CEAB0D12-0208-4414-A78E-9B5F9989C3F3}.Debug|Any CPU.ActiveCfg = Debug|Any CPU
		{CEAB0D12-0208-4414-A78E-9B5F9989C3F3}.Debug|Any CPU.Build.0 = Debug|Any CPU
		{CEAB0D12-0208-4414-A78E-9B5F9989C3F3}.Release|Any CPU.ActiveCfg = Release|Any CPU
		{CEAB0D12-0208-4414-A78E-9B5F9989C3F3}.Release|Any CPU.Build.0 = Release|Any CPU
	EndGlobalSection
	GlobalSection(SolutionProperties) = preSolution
		HideSolutionNode = FALSE
	EndGlobalSection
	GlobalSection(ExtensibilityGlobals) = postSolution
		SolutionGuid = {12220216-46DC-4295-8462-7BC89CB8CF5C}
	EndGlobalSection
EndGlobal
